
Microsoft Visual Studio Solution File, Format Version 12.00
# Visual Studio Version 17
VisualStudioVersion = 17.4.33205.214
MinimumVisualStudioVersion = 10.0.40219.1
Project("{8BC9CEB8-8B4A-11D0-8D11-00A0C91BC942}") = "internship week1", "internship week1\internship week1.vcxproj", "{33317D78-3A67-46B6-B758-019BD7C27355}"
EndProject
Global
	GlobalSection(SolutionConfigurationPlatforms) = preSolution
		Debug|x64 = Debug|x64
		Debug|x86 = Debug|x86
		Release|x64 = Release|x64
		Release|x86 = Release|x86
	EndGlobalSection
	GlobalSection(ProjectConfigurationPlatforms) = postSolution
		{33317D78-3A67-46B6-B758-019BD7C27355}.Debug|x64.ActiveCfg = Debug|x64
		{33317D78-3A67-46B6-B758-019BD7C27355}.Debug|x64.Build.0 = Debug|x64
		{33317D78-3A67-46B6-B758-019BD7C27355}.Debug|x86.ActiveCfg = Debug|Win32
		{33317D78-3A67-46B6-B758-019BD7C27355}.Debug|x86.Build.0 = Debug|Win32
		{33317D78-3A67-46B6-B758-019BD7C27355}.Release|x64.ActiveCfg = Release|x64
		{33317D78-3A67-46B6-B758-019BD7C27355}.Release|x64.Build.0 = Release|x64
		{33317D78-3A67-46B6-B758-019BD7C27355}.Release|x86.ActiveCfg = Release|Win32
		{33317D78-3A67-46B6-B758-019BD7C27355}.Release|x86.Build.0 = Release|Win32
	EndGlobalSection
	GlobalSection(SolutionProperties) = preSolution
		HideSolutionNode = FALSE
	EndGlobalSection
	GlobalSection(ExtensibilityGlobals) = postSolution
		SolutionGuid = {01C0BAF3-6AEF-44A1-8A8E-39591E6665B4}
	EndGlobalSection
EndGlobal
